
Microsoft Visual Studio Solution File, Format Version 12.00
# Visual Studio Version 16
VisualStudioVersion = 16.0.29411.108
MinimumVisualStudioVersion = 10.0.40219.1
Project("{FAE04EC0-301F-11D3-BF4B-00C04F79EFBC}") = "Practica-1_GIT", "Practica-1_GIT\Practica-1_GIT.csproj", "{3A271661-E739-42B6-87D0-E8FD8E645E22}"
EndProject
Global
	GlobalSection(SolutionConfigurationPlatforms) = preSolution
		Debug|Any CPU = Debug|Any CPU
		Release|Any CPU = Release|Any CPU
	EndGlobalSection
	GlobalSection(ProjectConfigurationPlatforms) = postSolution
		{3A271661-E739-42B6-87D0-E8FD8E645E22}.Debug|Any CPU.ActiveCfg = Debug|Any CPU
		{3A271661-E739-42B6-87D0-E8FD8E645E22}.Debug|Any CPU.Build.0 = Debug|Any CPU
		{3A271661-E739-42B6-87D0-E8FD8E645E22}.Release|Any CPU.ActiveCfg = Release|Any CPU
		{3A271661-E739-42B6-87D0-E8FD8E645E22}.Release|Any CPU.Build.0 = Release|Any CPU
	EndGlobalSection
	GlobalSection(SolutionProperties) = preSolution
		HideSolutionNode = FALSE
	EndGlobalSection
	GlobalSection(ExtensibilityGlobals) = postSolution
		SolutionGuid = {5BA71398-F475-4540-8B65-D8351B36818C}
	EndGlobalSection
EndGlobal
